
Microsoft Visual Studio Solution File, Format Version 12.00
# Visual Studio Version 16
VisualStudioVersion = 16.0.32106.194
MinimumVisualStudioVersion = 10.0.40219.1
Project("{FAE04EC0-301F-11D3-BF4B-00C04F79EFBC}") = "Console", "Console\Console.csproj", "{1819394C-BEE3-467C-930F-4237D0421CCB}"
EndProject
Project("{FAE04EC0-301F-11D3-BF4B-00C04F79EFBC}") = "Plugin", "Plugins\Plugin.csproj", "{6DFDB77A-3288-4312-96E0-CBCAB6B735D6}"
EndProject
Global
	GlobalSection(SolutionConfigurationPlatforms) = preSolution
		Debug|Any CPU = Debug|Any CPU
		Release|Any CPU = Release|Any CPU
	EndGlobalSection
	GlobalSection(ProjectConfigurationPlatforms) = postSolution
		{1819394C-BEE3-467C-930F-4237D0421CCB}.Debug|Any CPU.ActiveCfg = Debug|Any CPU
		{1819394C-BEE3-467C-930F-4237D0421CCB}.Debug|Any CPU.Build.0 = Debug|Any CPU
		{1819394C-BEE3-467C-930F-4237D0421CCB}.Release|Any CPU.ActiveCfg = Release|Any CPU
		{1819394C-BEE3-467C-930F-4237D0421CCB}.Release|Any CPU.Build.0 = Release|Any CPU
		{6DFDB77A-3288-4312-96E0-CBCAB6B735D6}.Debug|Any CPU.ActiveCfg = Debug|Any CPU
		{6DFDB77A-3288-4312-96E0-CBCAB6B735D6}.Debug|Any CPU.Build.0 = Debug|Any CPU
		{6DFDB77A-3288-4312-96E0-CBCAB6B735D6}.Release|Any CPU.ActiveCfg = Release|Any CPU
		{6DFDB77A-3288-4312-96E0-CBCAB6B735D6}.Release|Any CPU.Build.0 = Release|Any CPU
	EndGlobalSection
	GlobalSection(SolutionProperties) = preSolution
		HideSolutionNode = FALSE
	EndGlobalSection
	GlobalSection(ExtensibilityGlobals) = postSolution
		SolutionGuid = {E87E1ACA-933D-4818-ADDF-7A17E5021501}
	EndGlobalSection
EndGlobal
